
Microsoft Visual Studio Solution File, Format Version 12.00
# Visual Studio Version 16
VisualStudioVersion = 16.0.30002.166
MinimumVisualStudioVersion = 10.0.40219.1
Project("{888888A0-9F3D-457C-B088-3A5042F75D52}") = "AUTOMATIC FOLDER CREATION", "AUTOMATIC FOLDER CREATION.pyproj", "{B6A1FBA1-1A91-466B-878C-1DEAFF2D076B}"
EndProject
Global
	GlobalSection(SolutionConfigurationPlatforms) = preSolution
		Debug|Any CPU = Debug|Any CPU
		Release|Any CPU = Release|Any CPU
	EndGlobalSection
	GlobalSection(ProjectConfigurationPlatforms) = postSolution
		{B6A1FBA1-1A91-466B-878C-1DEAFF2D076B}.Debug|Any CPU.ActiveCfg = Debug|Any CPU
		{B6A1FBA1-1A91-466B-878C-1DEAFF2D076B}.Release|Any CPU.ActiveCfg = Release|Any CPU
	EndGlobalSection
	GlobalSection(SolutionProperties) = preSolution
		HideSolutionNode = FALSE
	EndGlobalSection
	GlobalSection(ExtensibilityGlobals) = postSolution
		SolutionGuid = {0A4FB751-57DC-45FF-8826-1F56DF629D7C}
	EndGlobalSection
EndGlobal
